
Microsoft Visual Studio Solution File, Format Version 12.00
# Visual Studio Version 16
VisualStudioVersion = 16.0.30621.155
MinimumVisualStudioVersion = 10.0.40219.1
Project("{FAE04EC0-301F-11D3-BF4B-00C04F79EFBC}") = "BankEfCore", "BankEfCore\BankEfCore.csproj", "{23BB0BB4-D921-4F29-98C5-AB849FDA3AC5}"
EndProject
Global
	GlobalSection(SolutionConfigurationPlatforms) = preSolution
		Debug|Any CPU = Debug|Any CPU
		Release|Any CPU = Release|Any CPU
	EndGlobalSection
	GlobalSection(ProjectConfigurationPlatforms) = postSolution
		{23BB0BB4-D921-4F29-98C5-AB849FDA3AC5}.Debug|Any CPU.ActiveCfg = Debug|Any CPU
		{23BB0BB4-D921-4F29-98C5-AB849FDA3AC5}.Debug|Any CPU.Build.0 = Debug|Any CPU
		{23BB0BB4-D921-4F29-98C5-AB849FDA3AC5}.Release|Any CPU.ActiveCfg = Release|Any CPU
		{23BB0BB4-D921-4F29-98C5-AB849FDA3AC5}.Release|Any CPU.Build.0 = Release|Any CPU
	EndGlobalSection
	GlobalSection(SolutionProperties) = preSolution
		HideSolutionNode = FALSE
	EndGlobalSection
	GlobalSection(ExtensibilityGlobals) = postSolution
		SolutionGuid = {F63D0518-91FD-4C63-AF4D-15CC85B3FF20}
	EndGlobalSection
EndGlobal
